
Microsoft Visual Studio Solution File, Format Version 12.00
# Visual Studio 14
VisualStudioVersion = 14.0.25420.1
MinimumVisualStudioVersion = 10.0.40219.1
Project("{FAE04EC0-301F-11D3-BF4B-00C04F79EFBC}") = "CertPoc.Specs", "CertPoc.Specs\CertPoc.Specs.csproj", "{C5547410-9D97-41C3-A0C9-2EA44B9DCD03}"
EndProject
Project("{FAE04EC0-301F-11D3-BF4B-00C04F79EFBC}") = "CertificateIntegration", "CertificateIntegration\CertificateIntegration.csproj", "{9C711554-AF53-423A-9205-0B76015BC789}"
EndProject
Global
	GlobalSection(SolutionConfigurationPlatforms) = preSolution
		Debug|Any CPU = Debug|Any CPU
		Release|Any CPU = Release|Any CPU
	EndGlobalSection
	GlobalSection(ProjectConfigurationPlatforms) = postSolution
		{C5547410-9D97-41C3-A0C9-2EA44B9DCD03}.Debug|Any CPU.ActiveCfg = Debug|Any CPU
		{C5547410-9D97-41C3-A0C9-2EA44B9DCD03}.Debug|Any CPU.Build.0 = Debug|Any CPU
		{C5547410-9D97-41C3-A0C9-2EA44B9DCD03}.Release|Any CPU.ActiveCfg = Release|Any CPU
		{C5547410-9D97-41C3-A0C9-2EA44B9DCD03}.Release|Any CPU.Build.0 = Release|Any CPU
		{9C711554-AF53-423A-9205-0B76015BC789}.Debug|Any CPU.ActiveCfg = Debug|Any CPU
		{9C711554-AF53-423A-9205-0B76015BC789}.Debug|Any CPU.Build.0 = Debug|Any CPU
		{9C711554-AF53-423A-9205-0B76015BC789}.Release|Any CPU.ActiveCfg = Release|Any CPU
		{9C711554-AF53-423A-9205-0B76015BC789}.Release|Any CPU.Build.0 = Release|Any CPU
	EndGlobalSection
	GlobalSection(SolutionProperties) = preSolution
		HideSolutionNode = FALSE
	EndGlobalSection
EndGlobal
